
Microsoft Visual Studio Solution File, Format Version 12.00
# Visual Studio Version 17
VisualStudioVersion = 17.14.36203.30 d17.14
MinimumVisualStudioVersion = 10.0.40219.1
Project("{FAE04EC0-301F-11D3-BF4B-00C04F79EFBC}") = "ConversorMoedasMaui", "ConversorMoedasMaui\ConversorMoedasMaui.csproj", "{51BC2485-4753-45BA-ABA4-6168427C963C}"
EndProject
Global
	GlobalSection(SolutionConfigurationPlatforms) = preSolution
		Debug|Any CPU = Debug|Any CPU
		Release|Any CPU = Release|Any CPU
	EndGlobalSection
	GlobalSection(ProjectConfigurationPlatforms) = postSolution
		{51BC2485-4753-45BA-ABA4-6168427C963C}.Debug|Any CPU.ActiveCfg = Debug|Any CPU
		{51BC2485-4753-45BA-ABA4-6168427C963C}.Debug|Any CPU.Build.0 = Debug|Any CPU
		{51BC2485-4753-45BA-ABA4-6168427C963C}.Release|Any CPU.ActiveCfg = Release|Any CPU
		{51BC2485-4753-45BA-ABA4-6168427C963C}.Release|Any CPU.Build.0 = Release|Any CPU
	EndGlobalSection
	GlobalSection(SolutionProperties) = preSolution
		HideSolutionNode = FALSE
	EndGlobalSection
	GlobalSection(ExtensibilityGlobals) = postSolution
		SolutionGuid = {3EB441F7-DF02-418E-B81B-A3FFB905203F}
	EndGlobalSection
EndGlobal
